// !$*UTF8*$!
{
	archiveVersion = 1;
	classes = {
	};
	objectVersion = 46;
	objects = {

/* Begin PBXBuildFile section */
		B41140531C8FD32E001078D0 /* share_bus.cpp in Sources */ = {isa = PBXBuildFile; fileRef = B41140511C8FD32E001078D0 /* share_bus.cpp */; };
		B41140591C8FE37A001078D0 /* hw_accelerator.cpp in Sources */ = {isa = PBXBuildFile; fileRef = B41140581C8FE37A001078D0 /* hw_accelerator.cpp */; };
		B411405C1C8FE548001078D0 /* Memory_component.cpp in Sources */ = {isa = PBXBuildFile; fileRef = B411405A1C8FE548001078D0 /* Memory_component.cpp */; };
		B411405F1C8FE7D2001078D0 /* software_component.cpp in Sources */ = {isa = PBXBuildFile; fileRef = B411405D1C8FE7D2001078D0 /* software_component.cpp */; };
		B41260291C765A06001CBB88 /* hwsw_main.cpp in Sources */ = {isa = PBXBuildFile; fileRef = B41260271C765A06001CBB88 /* hwsw_main.cpp */; };
		B4314C541C5AB7870026CD80 /* libsystemc.a in Frameworks */ = {isa = PBXBuildFile; fileRef = B4314C4E1C5AAF880026CD80 /* libsystemc.a */; };
		B439C7A21CA9E5E900346810 /* Traffic_Generator.cpp in Sources */ = {isa = PBXBuildFile; fileRef = B439C7A01CA9E5E900346810 /* Traffic_Generator.cpp */; };
		B45E6B4E1CA3AB420092ED8A /* sad_component.cpp in Sources */ = {isa = PBXBuildFile; fileRef = B45E6B4C1CA3AB420092ED8A /* sad_component.cpp */; };
/* End PBXBuildFile section */

/* Begin PBXCopyFilesBuildPhase section */
		B4314C401C5AAEAF0026CD80 /* CopyFiles */ = {
			isa = PBXCopyFilesBuildPhase;
			buildActionMask = 2147483647;
			dstPath = /usr/share/man/man1/;
			dstSubfolderSpec = 0;
			files = (
			);
			runOnlyForDeploymentPostprocessing = 1;
		};
/* End PBXCopyFilesBuildPhase section */

/* Begin PBXFileReference section */
		B411404D1C8FA446001078D0 /* Bus_request.h */ = {isa = PBXFileReference; lastKnownFileType = sourcecode.c.h; path = Bus_request.h; sourceTree = "<group>"; };
		B41140511C8FD32E001078D0 /* share_bus.cpp */ = {isa = PBXFileReference; fileEncoding = 4; lastKnownFileType = sourcecode.cpp.cpp; path = share_bus.cpp; sourceTree = "<group>"; };
		B41140521C8FD32E001078D0 /* share_bus.h */ = {isa = PBXFileReference; fileEncoding = 4; lastKnownFileType = sourcecode.c.h; path = share_bus.h; sourceTree = "<group>"; };
		B41140571C8FE320001078D0 /* hw_accelerator.h */ = {isa = PBXFileReference; fileEncoding = 4; lastKnownFileType = sourcecode.c.h; path = hw_accelerator.h; sourceTree = "<group>"; };
		B41140581C8FE37A001078D0 /* hw_accelerator.cpp */ = {isa = PBXFileReference; fileEncoding = 4; lastKnownFileType = sourcecode.cpp.cpp; path = hw_accelerator.cpp; sourceTree = "<group>"; };
		B411405A1C8FE548001078D0 /* Memory_component.cpp */ = {isa = PBXFileReference; fileEncoding = 4; lastKnownFileType = sourcecode.cpp.cpp; path = Memory_component.cpp; sourceTree = "<group>"; };
		B411405B1C8FE548001078D0 /* Memory_component.h */ = {isa = PBXFileReference; fileEncoding = 4; lastKnownFileType = sourcecode.c.h; path = Memory_component.h; sourceTree = "<group>"; };
		B411405D1C8FE7D2001078D0 /* software_component.cpp */ = {isa = PBXFileReference; fileEncoding = 4; lastKnownFileType = sourcecode.cpp.cpp; path = software_component.cpp; sourceTree = "<group>"; };
		B411405E1C8FE7D2001078D0 /* software_component.h */ = {isa = PBXFileReference; fileEncoding = 4; lastKnownFileType = sourcecode.c.h; path = software_component.h; sourceTree = "<group>"; };
		B41260271C765A06001CBB88 /* hwsw_main.cpp */ = {isa = PBXFileReference; fileEncoding = 4; lastKnownFileType = sourcecode.cpp.cpp; path = hwsw_main.cpp; sourceTree = "<group>"; };
		B412602A1C765AED001CBB88 /* bus_interface.h */ = {isa = PBXFileReference; fileEncoding = 4; lastKnownFileType = sourcecode.c.h; path = bus_interface.h; sourceTree = "<group>"; };
		B4314C421C5AAEAF0026CD80 /* jfkjldfk */ = {isa = PBXFileReference; explicitFileType = "compiled.mach-o.executable"; includeInIndex = 0; path = jfkjldfk; sourceTree = BUILT_PRODUCTS_DIR; };
		B4314C4C1C5AAF120026CD80 /* Library */ = {isa = PBXFileReference; lastKnownFileType = folder; name = Library; path = ../../../../Library; sourceTree = "<group>"; };
		B4314C4E1C5AAF880026CD80 /* libsystemc.a */ = {isa = PBXFileReference; lastKnownFileType = archive.ar; name = libsystemc.a; path = "../../../../Library/systemc-2.3.1/lib/libsystemc.a"; sourceTree = "<group>"; };
		B439C7A01CA9E5E900346810 /* Traffic_Generator.cpp */ = {isa = PBXFileReference; fileEncoding = 4; lastKnownFileType = sourcecode.cpp.cpp; path = Traffic_Generator.cpp; sourceTree = "<group>"; };
		B439C7A11CA9E5E900346810 /* Traffic_Generator.h */ = {isa = PBXFileReference; fileEncoding = 4; lastKnownFileType = sourcecode.c.h; path = Traffic_Generator.h; sourceTree = "<group>"; };
		B45E6B4C1CA3AB420092ED8A /* sad_component.cpp */ = {isa = PBXFileReference; fileEncoding = 4; lastKnownFileType = sourcecode.cpp.cpp; path = sad_component.cpp; sourceTree = "<group>"; };
		B45E6B4D1CA3AB420092ED8A /* sad_component.h */ = {isa = PBXFileReference; fileEncoding = 4; lastKnownFileType = sourcecode.c.h; path = sad_component.h; sourceTree = "<group>"; };
/* End PBXFileReference section */

/* Begin PBXFrameworksBuildPhase section */
		B4314C3F1C5AAEAF0026CD80 /* Frameworks */ = {
			isa = PBXFrameworksBuildPhase;
			buildActionMask = 2147483647;
			files = (
				B4314C541C5AB7870026CD80 /* libsystemc.a in Frameworks */,
			);
			runOnlyForDeploymentPostprocessing = 0;
		};
/* End PBXFrameworksBuildPhase section */

/* Begin PBXGroup section */
		B4314C391C5AAEAF0026CD80 = {
			isa = PBXGroup;
			children = (
				B4314C4E1C5AAF880026CD80 /* libsystemc.a */,
				B4314C4C1C5AAF120026CD80 /* Library */,
				B4314C441C5AAEAF0026CD80 /* jfkjldfk */,
				B4314C431C5AAEAF0026CD80 /* Products */,
			);
			sourceTree = "<group>";
		};
		B4314C431C5AAEAF0026CD80 /* Products */ = {
			isa = PBXGroup;
			children = (
				B4314C421C5AAEAF0026CD80 /* jfkjldfk */,
			);
			name = Products;
			sourceTree = "<group>";
		};
		B4314C441C5AAEAF0026CD80 /* jfkjldfk */ = {
			isa = PBXGroup;
			children = (
				B41260271C765A06001CBB88 /* hwsw_main.cpp */,
				B412602A1C765AED001CBB88 /* bus_interface.h */,
				B411405A1C8FE548001078D0 /* Memory_component.cpp */,
				B411405B1C8FE548001078D0 /* Memory_component.h */,
				B411405D1C8FE7D2001078D0 /* software_component.cpp */,
				B411405E1C8FE7D2001078D0 /* software_component.h */,
				B41140511C8FD32E001078D0 /* share_bus.cpp */,
				B41140521C8FD32E001078D0 /* share_bus.h */,
				B411404D1C8FA446001078D0 /* Bus_request.h */,
				B41140571C8FE320001078D0 /* hw_accelerator.h */,
				B41140581C8FE37A001078D0 /* hw_accelerator.cpp */,
				B45E6B4C1CA3AB420092ED8A /* sad_component.cpp */,
				B45E6B4D1CA3AB420092ED8A /* sad_component.h */,
				B439C7A01CA9E5E900346810 /* Traffic_Generator.cpp */,
				B439C7A11CA9E5E900346810 /* Traffic_Generator.h */,
			);
			path = jfkjldfk;
			sourceTree = "<group>";
		};
/* End PBXGroup section */

/* Begin PBXNativeTarget section */
		B4314C411C5AAEAF0026CD80 /* jfkjldfk */ = {
			isa = PBXNativeTarget;
			buildConfigurationList = B4314C491C5AAEAF0026CD80 /* Build configuration list for PBXNativeTarget "jfkjldfk" */;
			buildPhases = (
				B4314C3E1C5AAEAF0026CD80 /* Sources */,
				B4314C3F1C5AAEAF0026CD80 /* Frameworks */,
				B4314C401C5AAEAF0026CD80 /* CopyFiles */,
			);
			buildRules = (
			);
			dependencies = (
			);
			name = jfkjldfk;
			productName = jfkjldfk;
			productReference = B4314C421C5AAEAF0026CD80 /* jfkjldfk */;
			productType = "com.apple.product-type.tool";
		};
/* End PBXNativeTarget section */

/* Begin PBXProject section */
		B4314C3A1C5AAEAF0026CD80 /* Project object */ = {
			isa = PBXProject;
			attributes = {
				LastUpgradeCheck = 0720;
				ORGANIZATIONNAME = Jiyang;
				TargetAttributes = {
					B4314C411C5AAEAF0026CD80 = {
						CreatedOnToolsVersion = 7.2;
					};
				};
			};
			buildConfigurationList = B4314C3D1C5AAEAF0026CD80 /* Build configuration list for PBXProject "jfkjldfk" */;
			compatibilityVersion = "Xcode 3.2";
			developmentRegion = English;
			hasScannedForEncodings = 0;
			knownRegions = (
				en,
			);
			mainGroup = B4314C391C5AAEAF0026CD80;
			productRefGroup = B4314C431C5AAEAF0026CD80 /* Products */;
			projectDirPath = "";
			projectRoot = "";
			targets = (
				B4314C411C5AAEAF0026CD80 /* jfkjldfk */,
			);
		};
/* End PBXProject section */

/* Begin PBXSourcesBuildPhase section */
		B4314C3E1C5AAEAF0026CD80 /* Sources */ = {
			isa = PBXSourcesBuildPhase;
			buildActionMask = 2147483647;
			files = (
				B45E6B4E1CA3AB420092ED8A /* sad_component.cpp in Sources */,
				B411405C1C8FE548001078D0 /* Memory_component.cpp in Sources */,
				B411405F1C8FE7D2001078D0 /* software_component.cpp in Sources */,
				B439C7A21CA9E5E900346810 /* Traffic_Generator.cpp in Sources */,
				B41140531C8FD32E001078D0 /* share_bus.cpp in Sources */,
				B41140591C8FE37A001078D0 /* hw_accelerator.cpp in Sources */,
				B41260291C765A06001CBB88 /* hwsw_main.cpp in Sources */,
			);
			runOnlyForDeploymentPostprocessing = 0;
		};
/* End PBXSourcesBuildPhase section */

/* Begin XCBuildConfiguration section */
		B4314C471C5AAEAF0026CD80 /* Debug */ = {
			isa = XCBuildConfiguration;
			buildSettings = {
				ALWAYS_SEARCH_USER_PATHS = NO;
				CLANG_CXX_LANGUAGE_STANDARD = "gnu++0x";
				CLANG_CXX_LIBRARY = "libc++";
				CLANG_ENABLE_MODULES = YES;
				CLANG_ENABLE_OBJC_ARC = YES;
				CLANG_WARN_BOOL_CONVERSION = YES;
				CLANG_WARN_CONSTANT_CONVERSION = YES;
				CLANG_WARN_DIRECT_OBJC_ISA_USAGE = YES_ERROR;
				CLANG_WARN_EMPTY_BODY = YES;
				CLANG_WARN_ENUM_CONVERSION = YES;
				CLANG_WARN_INT_CONVERSION = YES;
				CLANG_WARN_OBJC_ROOT_CLASS = YES_ERROR;
				CLANG_WARN_UNREACHABLE_CODE = YES;
				CLANG_WARN__DUPLICATE_METHOD_MATCH = YES;
				CODE_SIGN_IDENTITY = "-";
				COPY_PHASE_STRIP = NO;
				DEBUG_INFORMATION_FORMAT = dwarf;
				ENABLE_STRICT_OBJC_MSGSEND = YES;
				ENABLE_TESTABILITY = YES;
				GCC_C_LANGUAGE_STANDARD = gnu99;
				GCC_DYNAMIC_NO_PIC = NO;
				GCC_NO_COMMON_BLOCKS = YES;
				GCC_OPTIMIZATION_LEVEL = 0;
				GCC_PREPROCESSOR_DEFINITIONS = (
					"DEBUG=1",
					"$(inherited)",
				);
				GCC_WARN_64_TO_32_BIT_CONVERSION = YES;
				GCC_WARN_ABOUT_RETURN_TYPE = YES_ERROR;
				GCC_WARN_UNDECLARED_SELECTOR = YES;
				GCC_WARN_UNINITIALIZED_AUTOS = YES_AGGRESSIVE;
				GCC_WARN_UNUSED_FUNCTION = YES;
				GCC_WARN_UNUSED_VARIABLE = YES;
				MACOSX_DEPLOYMENT_TARGET = 10.11;
				MTL_ENABLE_DEBUG_INFO = YES;
				ONLY_ACTIVE_ARCH = YES;
				SDKROOT = macosx;
			};
			name = Debug;
		};
		B4314C481C5AAEAF0026CD80 /* Release */ = {
			isa = XCBuildConfiguration;
			buildSettings = {
				ALWAYS_SEARCH_USER_PATHS = NO;
				CLANG_CXX_LANGUAGE_STANDARD = "gnu++0x";
				CLANG_CXX_LIBRARY = "libc++";
				CLANG_ENABLE_MODULES = YES;
				CLANG_ENABLE_OBJC_ARC = YES;
				CLANG_WARN_BOOL_CONVERSION = YES;
				CLANG_WARN_CONSTANT_CONVERSION = YES;
				CLANG_WARN_DIRECT_OBJC_ISA_USAGE = YES_ERROR;
				CLANG_WARN_EMPTY_BODY = YES;
				CLANG_WARN_ENUM_CONVERSION = YES;
				CLANG_WARN_INT_CONVERSION = YES;
				CLANG_WARN_OBJC_ROOT_CLASS = YES_ERROR;
				CLANG_WARN_UNREACHABLE_CODE = YES;
				CLANG_WARN__DUPLICATE_METHOD_MATCH = YES;
				CODE_SIGN_IDENTITY = "-";
				COPY_PHASE_STRIP = NO;
				DEBUG_INFORMATION_FORMAT = "dwarf-with-dsym";
				ENABLE_NS_ASSERTIONS = NO;
				ENABLE_STRICT_OBJC_MSGSEND = YES;
				GCC_C_LANGUAGE_STANDARD = gnu99;
				GCC_NO_COMMON_BLOCKS = YES;
				GCC_WARN_64_TO_32_BIT_CONVERSION = YES;
				GCC_WARN_ABOUT_RETURN_TYPE = YES_ERROR;
				GCC_WARN_UNDECLARED_SELECTOR = YES;
				GCC_WARN_UNINITIALIZED_AUTOS = YES_AGGRESSIVE;
				GCC_WARN_UNUSED_FUNCTION = YES;
				GCC_WARN_UNUSED_VARIABLE = YES;
				MACOSX_DEPLOYMENT_TARGET = 10.11;
				MTL_ENABLE_DEBUG_INFO = NO;
				SDKROOT = macosx;
			};
			name = Release;
		};
		B4314C4A1C5AAEAF0026CD80 /* Debug */ = {
			isa = XCBuildConfiguration;
			buildSettings = {
				EMBEDDED_CONTENT_CONTAINS_SWIFT = NO;
				HEADER_SEARCH_PATHS = "/Library/systemc-2.3.1/src";
				LIBRARY_SEARCH_PATHS = (
					"/Library/systemc-2.3.1/lib",
					"$(LOCAL_LIBRARY_DIR)/systemc-2.3.1/lib",
				);
				OTHER_LDFLAGS = "-stdlib=libstdc++";
				PRODUCT_NAME = "$(TARGET_NAME)";
			};
			name = Debug;
		};
		B4314C4B1C5AAEAF0026CD80 /* Release */ = {
			isa = XCBuildConfiguration;
			buildSettings = {
				EMBEDDED_CONTENT_CONTAINS_SWIFT = NO;
				HEADER_SEARCH_PATHS = "/Library/systemc-2.3.1/src";
				LIBRARY_SEARCH_PATHS = (
					"/Library/systemc-2.3.1/lib",
					"$(LOCAL_LIBRARY_DIR)/systemc-2.3.1/lib",
				);
				OTHER_LDFLAGS = "-stdlib=libstdc++";
				PRODUCT_NAME = "$(TARGET_NAME)";
			};
			name = Release;
		};
/* End XCBuildConfiguration section */

/* Begin XCConfigurationList section */
		B4314C3D1C5AAEAF0026CD80 /* Build configuration list for PBXProject "jfkjldfk" */ = {
			isa = XCConfigurationList;
			buildConfigurations = (
				B4314C471C5AAEAF0026CD80 /* Debug */,
				B4314C481C5AAEAF0026CD80 /* Release */,
			);
			defaultConfigurationIsVisible = 0;
			defaultConfigurationName = Release;
		};
		B4314C491C5AAEAF0026CD80 /* Build configuration list for PBXNativeTarget "jfkjldfk" */ = {
			isa = XCConfigurationList;
			buildConfigurations = (
				B4314C4A1C5AAEAF0026CD80 /* Debug */,
				B4314C4B1C5AAEAF0026CD80 /* Release */,
			);
			defaultConfigurationIsVisible = 0;
			defaultConfigurationName = Release;
		};
/* End XCConfigurationList section */
	};
	rootObject = B4314C3A1C5AAEAF0026CD80 /* Project object */;
}
